
Microsoft Visual Studio Solution File, Format Version 12.00
# Visual Studio Version 17
VisualStudioVersion = 17.8.34330.188
MinimumVisualStudioVersion = 10.0.40219.1
Project("{FAE04EC0-301F-11D3-BF4B-00C04F79EFBC}") = "Will", "Will\Will.csproj", "{27DC6A02-5BEF-4E73-997A-B24D4E3658EF}"
EndProject
Global
	GlobalSection(SolutionConfigurationPlatforms) = preSolution
		Debug|Any CPU = Debug|Any CPU
		Release|Any CPU = Release|Any CPU
	EndGlobalSection
	GlobalSection(ProjectConfigurationPlatforms) = postSolution
		{27DC6A02-5BEF-4E73-997A-B24D4E3658EF}.Debug|Any CPU.ActiveCfg = Debug|Any CPU
		{27DC6A02-5BEF-4E73-997A-B24D4E3658EF}.Debug|Any CPU.Build.0 = Debug|Any CPU
		{27DC6A02-5BEF-4E73-997A-B24D4E3658EF}.Release|Any CPU.ActiveCfg = Release|Any CPU
		{27DC6A02-5BEF-4E73-997A-B24D4E3658EF}.Release|Any CPU.Build.0 = Release|Any CPU
	EndGlobalSection
	GlobalSection(SolutionProperties) = preSolution
		HideSolutionNode = FALSE
	EndGlobalSection
	GlobalSection(ExtensibilityGlobals) = postSolution
		SolutionGuid = {8078A401-10B1-42B1-A737-EE0BBE98F161}
	EndGlobalSection
EndGlobal
